
Microsoft Visual Studio Solution File, Format Version 12.00
# Visual Studio 2017
Project("{FAE04EC0-301F-11D3-BF4B-00C04F79EFBC}") = "SousTension", "SousTension.csproj", "{7934347C-D183-A63A-6898-D11A4A0AE629}"
EndProject
Project("{FAE04EC0-301F-11D3-BF4B-00C04F79EFBC}") = "SousTension.Editor", "SousTension.Editor.csproj", "{308C9EFC-AA8E-E857-C9F1-730D8213B629}"
EndProject
Global
	GlobalSection(SolutionConfigurationPlatforms) = preSolution
		Debug|Any CPU = Debug|Any CPU
		Release|Any CPU = Release|Any CPU
	EndGlobalSection
	GlobalSection(ProjectConfigurationPlatforms) = postSolution
		{7934347C-D183-A63A-6898-D11A4A0AE629}.Debug|Any CPU.ActiveCfg = Debug|Any CPU
		{7934347C-D183-A63A-6898-D11A4A0AE629}.Debug|Any CPU.Build.0 = Debug|Any CPU
		{7934347C-D183-A63A-6898-D11A4A0AE629}.Release|Any CPU.ActiveCfg = Release|Any CPU
		{7934347C-D183-A63A-6898-D11A4A0AE629}.Release|Any CPU.Build.0 = Release|Any CPU
		{308C9EFC-AA8E-E857-C9F1-730D8213B629}.Debug|Any CPU.ActiveCfg = Debug|Any CPU
		{308C9EFC-AA8E-E857-C9F1-730D8213B629}.Debug|Any CPU.Build.0 = Debug|Any CPU
		{308C9EFC-AA8E-E857-C9F1-730D8213B629}.Release|Any CPU.ActiveCfg = Release|Any CPU
		{308C9EFC-AA8E-E857-C9F1-730D8213B629}.Release|Any CPU.Build.0 = Release|Any CPU
	EndGlobalSection
	GlobalSection(SolutionProperties) = preSolution
		HideSolutionNode = FALSE
	EndGlobalSection
EndGlobal
